
Microsoft Visual Studio Solution File, Format Version 12.00
# Visual Studio 15
VisualStudioVersion = 15.0.27004.2002
MinimumVisualStudioVersion = 10.0.40219.1
Project("{FAE04EC0-301F-11D3-BF4B-00C04F79EFBC}") = "PMDb", "PMDb\PMDb.csproj", "{BF2E8F19-C234-48C9-BD6A-5A1852783004}"
EndProject
Global
	GlobalSection(SolutionConfigurationPlatforms) = preSolution
		Debug|Any CPU = Debug|Any CPU
		Release|Any CPU = Release|Any CPU
	EndGlobalSection
	GlobalSection(ProjectConfigurationPlatforms) = postSolution
		{BF2E8F19-C234-48C9-BD6A-5A1852783004}.Debug|Any CPU.ActiveCfg = Debug|Any CPU
		{BF2E8F19-C234-48C9-BD6A-5A1852783004}.Debug|Any CPU.Build.0 = Debug|Any CPU
		{BF2E8F19-C234-48C9-BD6A-5A1852783004}.Release|Any CPU.ActiveCfg = Release|Any CPU
		{BF2E8F19-C234-48C9-BD6A-5A1852783004}.Release|Any CPU.Build.0 = Release|Any CPU
	EndGlobalSection
	GlobalSection(SolutionProperties) = preSolution
		HideSolutionNode = FALSE
	EndGlobalSection
	GlobalSection(ExtensibilityGlobals) = postSolution
		SolutionGuid = {ED4A46BC-8E56-4B90-B2AA-30A27E56455C}
	EndGlobalSection
EndGlobal
